
Microsoft Visual Studio Solution File, Format Version 12.00
# Visual Studio Version 17
VisualStudioVersion = 17.5.002.0
MinimumVisualStudioVersion = 10.0.40219.1
Project("{9A19103F-16F7-4668-BE54-9A1E7A4F7556}") = "ACME.Api.Reviews", "ACME.Api.Reviews.csproj", "{96CE7537-FDBB-404B-A8EC-B0A63F484268}"
EndProject
Global
	GlobalSection(SolutionConfigurationPlatforms) = preSolution
		Debug|Any CPU = Debug|Any CPU
		Release|Any CPU = Release|Any CPU
	EndGlobalSection
	GlobalSection(ProjectConfigurationPlatforms) = postSolution
		{96CE7537-FDBB-404B-A8EC-B0A63F484268}.Debug|Any CPU.ActiveCfg = Debug|Any CPU
		{96CE7537-FDBB-404B-A8EC-B0A63F484268}.Debug|Any CPU.Build.0 = Debug|Any CPU
		{96CE7537-FDBB-404B-A8EC-B0A63F484268}.Release|Any CPU.ActiveCfg = Release|Any CPU
		{96CE7537-FDBB-404B-A8EC-B0A63F484268}.Release|Any CPU.Build.0 = Release|Any CPU
	EndGlobalSection
	GlobalSection(SolutionProperties) = preSolution
		HideSolutionNode = FALSE
	EndGlobalSection
	GlobalSection(ExtensibilityGlobals) = postSolution
		SolutionGuid = {4CD26840-258F-4CFB-974A-B49308F40721}
	EndGlobalSection
EndGlobal
